
Microsoft Visual Studio Solution File, Format Version 12.00
# Visual Studio Version 16
VisualStudioVersion = 16.0.29215.179
MinimumVisualStudioVersion = 10.0.40219.1
Project("{8BC9CEB8-8B4A-11D0-8D11-00A0C91BC942}") = "Snow Owl", "Snow Owl\Snow Owl.vcxproj", "{C704531A-C21D-4849-8419-E19793491BD4}"
EndProject
Project("{8BC9CEB8-8B4A-11D0-8D11-00A0C91BC942}") = "Test App", "..\Test App\Test App.vcxproj", "{038B68F8-5CD3-4CD8-9113-EFD1BCBB1D5D}"
EndProject
Global
	GlobalSection(SolutionConfigurationPlatforms) = preSolution
		Debug|x64 = Debug|x64
		Debug|x86 = Debug|x86
		Release|x64 = Release|x64
		Release|x86 = Release|x86
	EndGlobalSection
	GlobalSection(ProjectConfigurationPlatforms) = postSolution
		{C704531A-C21D-4849-8419-E19793491BD4}.Debug|x64.ActiveCfg = Debug|x64
		{C704531A-C21D-4849-8419-E19793491BD4}.Debug|x64.Build.0 = Debug|x64
		{C704531A-C21D-4849-8419-E19793491BD4}.Debug|x86.ActiveCfg = Debug|Win32
		{C704531A-C21D-4849-8419-E19793491BD4}.Debug|x86.Build.0 = Debug|Win32
		{C704531A-C21D-4849-8419-E19793491BD4}.Release|x64.ActiveCfg = Release|x64
		{C704531A-C21D-4849-8419-E19793491BD4}.Release|x64.Build.0 = Release|x64
		{C704531A-C21D-4849-8419-E19793491BD4}.Release|x86.ActiveCfg = Release|Win32
		{C704531A-C21D-4849-8419-E19793491BD4}.Release|x86.Build.0 = Release|Win32
		{038B68F8-5CD3-4CD8-9113-EFD1BCBB1D5D}.Debug|x64.ActiveCfg = Debug|x64
		{038B68F8-5CD3-4CD8-9113-EFD1BCBB1D5D}.Debug|x64.Build.0 = Debug|x64
		{038B68F8-5CD3-4CD8-9113-EFD1BCBB1D5D}.Debug|x86.ActiveCfg = Debug|Win32
		{038B68F8-5CD3-4CD8-9113-EFD1BCBB1D5D}.Debug|x86.Build.0 = Debug|Win32
		{038B68F8-5CD3-4CD8-9113-EFD1BCBB1D5D}.Release|x64.ActiveCfg = Release|x64
		{038B68F8-5CD3-4CD8-9113-EFD1BCBB1D5D}.Release|x64.Build.0 = Release|x64
		{038B68F8-5CD3-4CD8-9113-EFD1BCBB1D5D}.Release|x86.ActiveCfg = Release|Win32
		{038B68F8-5CD3-4CD8-9113-EFD1BCBB1D5D}.Release|x86.Build.0 = Release|Win32
	EndGlobalSection
	GlobalSection(SolutionProperties) = preSolution
		HideSolutionNode = FALSE
	EndGlobalSection
	GlobalSection(ExtensibilityGlobals) = postSolution
		SolutionGuid = {0E449F45-B584-416D-83E5-9EBAF20D3BBA}
	EndGlobalSection
EndGlobal
